{
  "originHash" : "3db9fcbc7b0be6d0baf89a6c73a29cbf62ece973391067050d9f3c37f62fa34f",
  "pins" : [
    {
      "identity" : "fluidaudio",
      "kind" : "remoteSourceControl",
      "location" : "https://github.com/FluidInference/FluidAudio.git",
      "state" : {
        "revision" : "19600a485baa4998812e4654b70d2bab8f2c9949",
        "version" : "0.15.5"
      }
    },
    {
      "identity" : "whispermetalkit",
      "kind" : "remoteSourceControl",
      "location" : "https://github.com/carloshpdoc/WhisperMetalKit.git",
      "state" : {
        "revision" : "f59f8b6d9cf6d31e86a61d5393fd6f396c890d45",
        "version" : "0.1.0"
      }
    }
  ],
  "version" : 3
}
